// !$*UTF8*$!
{
	archiveVersion = 1;
	classes = {
	};
	objectVersion = 50;
	objects = {

/* Begin PBXBuildFile section */
		09FD1C4022FAC77B00EAD4B7 /* AppDelegate.m in Sources */ = {isa = PBXBuildFile; fileRef = 09FD1C3F22FAC77B00EAD4B7 /* AppDelegate.m */; };
		09FD1C4322FAC77B00EAD4B7 /* ViewController.m in Sources */ = {isa = PBXBuildFile; fileRef = 09FD1C4222FAC77B00EAD4B7 /* ViewController.m */; };
		09FD1C4622FAC77B00EAD4B7 /* Main.storyboard in Resources */ = {isa = PBXBuildFile; fileRef = 09FD1C4422FAC77B00EAD4B7 /* Main.storyboard */; };
		09FD1C4822FAC77C00EAD4B7 /* Assets.xcassets in Resources */ = {isa = PBXBuildFile; fileRef = 09FD1C4722FAC77C00EAD4B7 /* Assets.xcassets */; };
		09FD1C4B22FAC77C00EAD4B7 /* LaunchScreen.storyboard in Resources */ = {isa = PBXBuildFile; fileRef = 09FD1C4922FAC77C00EAD4B7 /* LaunchScreen.storyboard */; };
		09FD1C4E22FAC77C00EAD4B7 /* main.m in Sources */ = {isa = PBXBuildFile; fileRef = 09FD1C4D22FAC77C00EAD4B7 /* main.m */; };
		09FD1C5822FAC77C00EAD4B7 /* TestCoobjcTests.m in Sources */ = {isa = PBXBuildFile; fileRef = 09FD1C5722FAC77C00EAD4B7 /* TestCoobjcTests.m */; };
		09FD1C6322FAC77C00EAD4B7 /* TestCoobjcUITests.m in Sources */ = {isa = PBXBuildFile; fileRef = 09FD1C6222FAC77C00EAD4B7 /* TestCoobjcUITests.m */; };
/* End PBXBuildFile section */

/* Begin PBXContainerItemProxy section */
		09FD1C5422FAC77C00EAD4B7 /* PBXContainerItemProxy */ = {
			isa = PBXContainerItemProxy;
			containerPortal = 09FD1C3322FAC77B00EAD4B7 /* Project object */;
			proxyType = 1;
			remoteGlobalIDString = 09FD1C3A22FAC77B00EAD4B7;
			remoteInfo = TestCoobjc;
		};
		09FD1C5F22FAC77C00EAD4B7 /* PBXContainerItemProxy */ = {
			isa = PBXContainerItemProxy;
			containerPortal = 09FD1C3322FAC77B00EAD4B7 /* Project object */;
			proxyType = 1;
			remoteGlobalIDString = 09FD1C3A22FAC77B00EAD4B7;
			remoteInfo = TestCoobjc;
		};
/* End PBXContainerItemProxy section */

/* Begin PBXFileReference section */
		09FD1C3B22FAC77B00EAD4B7 /* TestCoobjc.app */ = {isa = PBXFileReference; explicitFileType = wrapper.application; includeInIndex = 0; path = TestCoobjc.app; sourceTree = BUILT_PRODUCTS_DIR; };
		09FD1C3E22FAC77B00EAD4B7 /* AppDelegate.h */ = {isa = PBXFileReference; lastKnownFileType = sourcecode.c.h; path = AppDelegate.h; sourceTree = "<group>"; };
		09FD1C3F22FAC77B00EAD4B7 /* AppDelegate.m */ = {isa = PBXFileReference; lastKnownFileType = sourcecode.c.objc; path = AppDelegate.m; sourceTree = "<group>"; };
		09FD1C4122FAC77B00EAD4B7 /* ViewController.h */ = {isa = PBXFileReference; lastKnownFileType = sourcecode.c.h; path = ViewController.h; sourceTree = "<group>"; };
		09FD1C4222FAC77B00EAD4B7 /* ViewController.m */ = {isa = PBXFileReference; lastKnownFileType = sourcecode.c.objc; path = ViewController.m; sourceTree = "<group>"; };
		09FD1C4522FAC77B00EAD4B7 /* Base */ = {isa = PBXFileReference; lastKnownFileType = file.storyboard; name = Base; path = Base.lproj/Main.storyboard; sourceTree = "<group>"; };
		09FD1C4722FAC77C00EAD4B7 /* Assets.xcassets */ = {isa = PBXFileReference; lastKnownFileType = folder.assetcatalog; path = Assets.xcassets; sourceTree = "<group>"; };
		09FD1C4A22FAC77C00EAD4B7 /* Base */ = {isa = PBXFileReference; lastKnownFileType = file.storyboard; name = Base; path = Base.lproj/LaunchScreen.storyboard; sourceTree = "<group>"; };
		09FD1C4C22FAC77C00EAD4B7 /* Info.plist */ = {isa = PBXFileReference; lastKnownFileType = text.plist.xml; path = Info.plist; sourceTree = "<group>"; };
		09FD1C4D22FAC77C00EAD4B7 /* main.m */ = {isa = PBXFileReference; lastKnownFileType = sourcecode.c.objc; path = main.m; sourceTree = "<group>"; };
		09FD1C5322FAC77C00EAD4B7 /* TestCoobjcTests.xctest */ = {isa = PBXFileReference; explicitFileType = wrapper.cfbundle; includeInIndex = 0; path = TestCoobjcTests.xctest; sourceTree = BUILT_PRODUCTS_DIR; };
		09FD1C5722FAC77C00EAD4B7 /* TestCoobjcTests.m */ = {isa = PBXFileReference; lastKnownFileType = sourcecode.c.objc; path = TestCoobjcTests.m; sourceTree = "<group>"; };
		09FD1C5922FAC77C00EAD4B7 /* Info.plist */ = {isa = PBXFileReference; lastKnownFileType = text.plist.xml; path = Info.plist; sourceTree = "<group>"; };
		09FD1C5E22FAC77C00EAD4B7 /* TestCoobjcUITests.xctest */ = {isa = PBXFileReference; explicitFileType = wrapper.cfbundle; includeInIndex = 0; path = TestCoobjcUITests.xctest; sourceTree = BUILT_PRODUCTS_DIR; };
		09FD1C6222FAC77C00EAD4B7 /* TestCoobjcUITests.m */ = {isa = PBXFileReference; lastKnownFileType = sourcecode.c.objc; path = TestCoobjcUITests.m; sourceTree = "<group>"; };
		09FD1C6422FAC77C00EAD4B7 /* Info.plist */ = {isa = PBXFileReference; lastKnownFileType = text.plist.xml; path = Info.plist; sourceTree = "<group>"; };
/* End PBXFileReference section */

/* Begin PBXFrameworksBuildPhase section */
		09FD1C3822FAC77B00EAD4B7 /* Frameworks */ = {
			isa = PBXFrameworksBuildPhase;
			buildActionMask = 2147483647;
			files = (
			);
			runOnlyForDeploymentPostprocessing = 0;
		};
		09FD1C5022FAC77C00EAD4B7 /* Frameworks */ = {
			isa = PBXFrameworksBuildPhase;
			buildActionMask = 2147483647;
			files = (
			);
			runOnlyForDeploymentPostprocessing = 0;
		};
		09FD1C5B22FAC77C00EAD4B7 /* Frameworks */ = {
			isa = PBXFrameworksBuildPhase;
			buildActionMask = 2147483647;
			files = (
			);
			runOnlyForDeploymentPostprocessing = 0;
		};
/* End PBXFrameworksBuildPhase section */

/* Begin PBXGroup section */
		09FD1C3222FAC77B00EAD4B7 = {
			isa = PBXGroup;
			children = (
				09FD1C3D22FAC77B00EAD4B7 /* TestCoobjc */,
				09FD1C5622FAC77C00EAD4B7 /* TestCoobjcTests */,
				09FD1C6122FAC77C00EAD4B7 /* TestCoobjcUITests */,
				09FD1C3C22FAC77B00EAD4B7 /* Products */,
			);
			sourceTree = "<group>";
		};
		09FD1C3C22FAC77B00EAD4B7 /* Products */ = {
			isa = PBXGroup;
			children = (
				09FD1C3B22FAC77B00EAD4B7 /* TestCoobjc.app */,
				09FD1C5322FAC77C00EAD4B7 /* TestCoobjcTests.xctest */,
				09FD1C5E22FAC77C00EAD4B7 /* TestCoobjcUITests.xctest */,
			);
			name = Products;
			sourceTree = "<group>";
		};
		09FD1C3D22FAC77B00EAD4B7 /* TestCoobjc */ = {
			isa = PBXGroup;
			children = (
				09FD1C3E22FAC77B00EAD4B7 /* AppDelegate.h */,
				09FD1C3F22FAC77B00EAD4B7 /* AppDelegate.m */,
				09FD1C4122FAC77B00EAD4B7 /* ViewController.h */,
				09FD1C4222FAC77B00EAD4B7 /* ViewController.m */,
				09FD1C4422FAC77B00EAD4B7 /* Main.storyboard */,
				09FD1C4722FAC77C00EAD4B7 /* Assets.xcassets */,
				09FD1C4922FAC77C00EAD4B7 /* LaunchScreen.storyboard */,
				09FD1C4C22FAC77C00EAD4B7 /* Info.plist */,
				09FD1C4D22FAC77C00EAD4B7 /* main.m */,
			);
			path = TestCoobjc;
			sourceTree = "<group>";
		};
		09FD1C5622FAC77C00EAD4B7 /* TestCoobjcTests */ = {
			isa = PBXGroup;
			children = (
				09FD1C5722FAC77C00EAD4B7 /* TestCoobjcTests.m */,
				09FD1C5922FAC77C00EAD4B7 /* Info.plist */,
			);
			path = TestCoobjcTests;
			sourceTree = "<group>";
		};
		09FD1C6122FAC77C00EAD4B7 /* TestCoobjcUITests */ = {
			isa = PBXGroup;
			children = (
				09FD1C6222FAC77C00EAD4B7 /* TestCoobjcUITests.m */,
				09FD1C6422FAC77C00EAD4B7 /* Info.plist */,
			);
			path = TestCoobjcUITests;
			sourceTree = "<group>";
		};
/* End PBXGroup section */

/* Begin PBXNativeTarget section */
		09FD1C3A22FAC77B00EAD4B7 /* TestCoobjc */ = {
			isa = PBXNativeTarget;
			buildConfigurationList = 09FD1C6722FAC77C00EAD4B7 /* Build configuration list for PBXNativeTarget "TestCoobjc" */;
			buildPhases = (
				09FD1C3722FAC77B00EAD4B7 /* Sources */,
				09FD1C3822FAC77B00EAD4B7 /* Frameworks */,
				09FD1C3922FAC77B00EAD4B7 /* Resources */,
			);
			buildRules = (
			);
			dependencies = (
			);
			name = TestCoobjc;
			productName = TestCoobjc;
			productReference = 09FD1C3B22FAC77B00EAD4B7 /* TestCoobjc.app */;
			productType = "com.apple.product-type.application";
		};
		09FD1C5222FAC77C00EAD4B7 /* TestCoobjcTests */ = {
			isa = PBXNativeTarget;
			buildConfigurationList = 09FD1C6A22FAC77C00EAD4B7 /* Build configuration list for PBXNativeTarget "TestCoobjcTests" */;
			buildPhases = (
				09FD1C4F22FAC77C00EAD4B7 /* Sources */,
				09FD1C5022FAC77C00EAD4B7 /* Frameworks */,
				09FD1C5122FAC77C00EAD4B7 /* Resources */,
			);
			buildRules = (
			);
			dependencies = (
				09FD1C5522FAC77C00EAD4B7 /* PBXTargetDependency */,
			);
			name = TestCoobjcTests;
			productName = TestCoobjcTests;
			productReference = 09FD1C5322FAC77C00EAD4B7 /* TestCoobjcTests.xctest */;
			productType = "com.apple.product-type.bundle.unit-test";
		};
		09FD1C5D22FAC77C00EAD4B7 /* TestCoobjcUITests */ = {
			isa = PBXNativeTarget;
			buildConfigurationList = 09FD1C6D22FAC77C00EAD4B7 /* Build configuration list for PBXNativeTarget "TestCoobjcUITests" */;
			buildPhases = (
				09FD1C5A22FAC77C00EAD4B7 /* Sources */,
				09FD1C5B22FAC77C00EAD4B7 /* Frameworks */,
				09FD1C5C22FAC77C00EAD4B7 /* Resources */,
			);
			buildRules = (
			);
			dependencies = (
				09FD1C6022FAC77C00EAD4B7 /* PBXTargetDependency */,
			);
			name = TestCoobjcUITests;
			productName = TestCoobjcUITests;
			productReference = 09FD1C5E22FAC77C00EAD4B7 /* TestCoobjcUITests.xctest */;
			productType = "com.apple.product-type.bundle.ui-testing";
		};
/* End PBXNativeTarget section */

/* Begin PBXProject section */
		09FD1C3322FAC77B00EAD4B7 /* Project object */ = {
			isa = PBXProject;
			attributes = {
				LastUpgradeCheck = 1030;
				ORGANIZATIONNAME = "sidi wang";
				TargetAttributes = {
					09FD1C3A22FAC77B00EAD4B7 = {
						CreatedOnToolsVersion = 10.3;
					};
					09FD1C5222FAC77C00EAD4B7 = {
						CreatedOnToolsVersion = 10.3;
						TestTargetID = 09FD1C3A22FAC77B00EAD4B7;
					};
					09FD1C5D22FAC77C00EAD4B7 = {
						CreatedOnToolsVersion = 10.3;
						TestTargetID = 09FD1C3A22FAC77B00EAD4B7;
					};
				};
			};
			buildConfigurationList = 09FD1C3622FAC77B00EAD4B7 /* Build configuration list for PBXProject "TestCoobjc" */;
			compatibilityVersion = "Xcode 9.3";
			developmentRegion = en;
			hasScannedForEncodings = 0;
			knownRegions = (
				en,
				Base,
			);
			mainGroup = 09FD1C3222FAC77B00EAD4B7;
			productRefGroup = 09FD1C3C22FAC77B00EAD4B7 /* Products */;
			projectDirPath = "";
			projectRoot = "";
			targets = (
				09FD1C3A22FAC77B00EAD4B7 /* TestCoobjc */,
				09FD1C5222FAC77C00EAD4B7 /* TestCoobjcTests */,
				09FD1C5D22FAC77C00EAD4B7 /* TestCoobjcUITests */,
			);
		};
/* End PBXProject section */

/* Begin PBXResourcesBuildPhase section */
		09FD1C3922FAC77B00EAD4B7 /* Resources */ = {
			isa = PBXResourcesBuildPhase;
			buildActionMask = 2147483647;
			files = (
				09FD1C4B22FAC77C00EAD4B7 /* LaunchScreen.storyboard in Resources */,
				09FD1C4822FAC77C00EAD4B7 /* Assets.xcassets in Resources */,
				09FD1C4622FAC77B00EAD4B7 /* Main.storyboard in Resources */,
			);
			runOnlyForDeploymentPostprocessing = 0;
		};
		09FD1C5122FAC77C00EAD4B7 /* Resources */ = {
			isa = PBXResourcesBuildPhase;
			buildActionMask = 2147483647;
			files = (
			);
			runOnlyForDeploymentPostprocessing = 0;
		};
		09FD1C5C22FAC77C00EAD4B7 /* Resources */ = {
			isa = PBXResourcesBuildPhase;
			buildActionMask = 2147483647;
			files = (
			);
			runOnlyForDeploymentPostprocessing = 0;
		};
/* End PBXResourcesBuildPhase section */

/* Begin PBXSourcesBuildPhase section */
		09FD1C3722FAC77B00EAD4B7 /* Sources */ = {
			isa = PBXSourcesBuildPhase;
			buildActionMask = 2147483647;
			files = (
				09FD1C4322FAC77B00EAD4B7 /* ViewController.m in Sources */,
				09FD1C4E22FAC77C00EAD4B7 /* main.m in Sources */,
				09FD1C4022FAC77B00EAD4B7 /* AppDelegate.m in Sources */,
			);
			runOnlyForDeploymentPostprocessing = 0;
		};
		09FD1C4F22FAC77C00EAD4B7 /* Sources */ = {
			isa = PBXSourcesBuildPhase;
			buildActionMask = 2147483647;
			files = (
				09FD1C5822FAC77C00EAD4B7 /* TestCoobjcTests.m in Sources */,
			);
			runOnlyForDeploymentPostprocessing = 0;
		};
		09FD1C5A22FAC77C00EAD4B7 /* Sources */ = {
			isa = PBXSourcesBuildPhase;
			buildActionMask = 2147483647;
			files = (
				09FD1C6322FAC77C00EAD4B7 /* TestCoobjcUITests.m in Sources */,
			);
			runOnlyForDeploymentPostprocessing = 0;
		};
/* End PBXSourcesBuildPhase section */

/* Begin PBXTargetDependency section */
		09FD1C5522FAC77C00EAD4B7 /* PBXTargetDependency */ = {
			isa = PBXTargetDependency;
			target = 09FD1C3A22FAC77B00EAD4B7 /* TestCoobjc */;
			targetProxy = 09FD1C5422FAC77C00EAD4B7 /* PBXContainerItemProxy */;
		};
		09FD1C6022FAC77C00EAD4B7 /* PBXTargetDependency */ = {
			isa = PBXTargetDependency;
			target = 09FD1C3A22FAC77B00EAD4B7 /* TestCoobjc */;
			targetProxy = 09FD1C5F22FAC77C00EAD4B7 /* PBXContainerItemProxy */;
		};
/* End PBXTargetDependency section */

/* Begin PBXVariantGroup section */
		09FD1C4422FAC77B00EAD4B7 /* Main.storyboard */ = {
			isa = PBXVariantGroup;
			children = (
				09FD1C4522FAC77B00EAD4B7 /* Base */,
			);
			name = Main.storyboard;
			sourceTree = "<group>";
		};
		09FD1C4922FAC77C00EAD4B7 /* LaunchScreen.storyboard */ = {
			isa = PBXVariantGroup;
			children = (
				09FD1C4A22FAC77C00EAD4B7 /* Base */,
			);
			name = LaunchScreen.storyboard;
			sourceTree = "<group>";
		};
/* End PBXVariantGroup section */

/* Begin XCBuildConfiguration section */
		09FD1C6522FAC77C00EAD4B7 /* Debug */ = {
			isa = XCBuildConfiguration;
			buildSettings = {
				ALWAYS_SEARCH_USER_PATHS = NO;
				CLANG_ANALYZER_NONNULL = YES;
				CLANG_ANALYZER_NUMBER_OBJECT_CONVERSION = YES_AGGRESSIVE;
				CLANG_CXX_LANGUAGE_STANDARD = "gnu++14";
				CLANG_CXX_LIBRARY = "libc++";
				CLANG_ENABLE_MODULES = YES;
				CLANG_ENABLE_OBJC_ARC = YES;
				CLANG_ENABLE_OBJC_WEAK = YES;
				CLANG_WARN_BLOCK_CAPTURE_AUTORELEASING = YES;
				CLANG_WARN_BOOL_CONVERSION = YES;
				CLANG_WARN_COMMA = YES;
				CLANG_WARN_CONSTANT_CONVERSION = YES;
				CLANG_WARN_DEPRECATED_OBJC_IMPLEMENTATIONS = YES;
				CLANG_WARN_DIRECT_OBJC_ISA_USAGE = YES_ERROR;
				CLANG_WARN_DOCUMENTATION_COMMENTS = YES;
				CLANG_WARN_EMPTY_BODY = YES;
				CLANG_WARN_ENUM_CONVERSION = YES;
				CLANG_WARN_INFINITE_RECURSION = YES;
				CLANG_WARN_INT_CONVERSION = YES;
				CLANG_WARN_NON_LITERAL_NULL_CONVERSION = YES;
				CLANG_WARN_OBJC_IMPLICIT_RETAIN_SELF = YES;
				CLANG_WARN_OBJC_LITERAL_CONVERSION = YES;
				CLANG_WARN_OBJC_ROOT_CLASS = YES_ERROR;
				CLANG_WARN_RANGE_LOOP_ANALYSIS = YES;
				CLANG_WARN_STRICT_PROTOTYPES = YES;
				CLANG_WARN_SUSPICIOUS_MOVE = YES;
				CLANG_WARN_UNGUARDED_AVAILABILITY = YES_AGGRESSIVE;
				CLANG_WARN_UNREACHABLE_CODE = YES;
				CLANG_WARN__DUPLICATE_METHOD_MATCH = YES;
				CODE_SIGN_IDENTITY = "iPhone Developer";
				COPY_PHASE_STRIP = NO;
				DEBUG_INFORMATION_FORMAT = dwarf;
				ENABLE_STRICT_OBJC_MSGSEND = YES;
				ENABLE_TESTABILITY = YES;
				GCC_C_LANGUAGE_STANDARD = gnu11;
				GCC_DYNAMIC_NO_PIC = NO;
				GCC_NO_COMMON_BLOCKS = YES;
				GCC_OPTIMIZATION_LEVEL = 0;
				GCC_PREPROCESSOR_DEFINITIONS = (
					"DEBUG=1",
					"$(inherited)",
				);
				GCC_WARN_64_TO_32_BIT_CONVERSION = YES;
				GCC_WARN_ABOUT_RETURN_TYPE = YES_ERROR;
				GCC_WARN_UNDECLARED_SELECTOR = YES;
				GCC_WARN_UNINITIALIZED_AUTOS = YES_AGGRESSIVE;
				GCC_WARN_UNUSED_FUNCTION = YES;
				GCC_WARN_UNUSED_VARIABLE = YES;
				IPHONEOS_DEPLOYMENT_TARGET = 12.4;
				MTL_ENABLE_DEBUG_INFO = INCLUDE_SOURCE;
				MTL_FAST_MATH = YES;
				ONLY_ACTIVE_ARCH = YES;
				SDKROOT = iphoneos;
			};
			name = Debug;
		};
		09FD1C6622FAC77C00EAD4B7 /* Release */ = {
			isa = XCBuildConfiguration;
			buildSettings = {
				ALWAYS_SEARCH_USER_PATHS = NO;
				CLANG_ANALYZER_NONNULL = YES;
				CLANG_ANALYZER_NUMBER_OBJECT_CONVERSION = YES_AGGRESSIVE;
				CLANG_CXX_LANGUAGE_STANDARD = "gnu++14";
				CLANG_CXX_LIBRARY = "libc++";
				CLANG_ENABLE_MODULES = YES;
				CLANG_ENABLE_OBJC_ARC = YES;
				CLANG_ENABLE_OBJC_WEAK = YES;
				CLANG_WARN_BLOCK_CAPTURE_AUTORELEASING = YES;
				CLANG_WARN_BOOL_CONVERSION = YES;
				CLANG_WARN_COMMA = YES;
				CLANG_WARN_CONSTANT_CONVERSION = YES;
				CLANG_WARN_DEPRECATED_OBJC_IMPLEMENTATIONS = YES;
				CLANG_WARN_DIRECT_OBJC_ISA_USAGE = YES_ERROR;
				CLANG_WARN_DOCUMENTATION_COMMENTS = YES;
				CLANG_WARN_EMPTY_BODY = YES;
				CLANG_WARN_ENUM_CONVERSION = YES;
				CLANG_WARN_INFINITE_RECURSION = YES;
				CLANG_WARN_INT_CONVERSION = YES;
				CLANG_WARN_NON_LITERAL_NULL_CONVERSION = YES;
				CLANG_WARN_OBJC_IMPLICIT_RETAIN_SELF = YES;
				CLANG_WARN_OBJC_LITERAL_CONVERSION = YES;
				CLANG_WARN_OBJC_ROOT_CLASS = YES_ERROR;
				CLANG_WARN_RANGE_LOOP_ANALYSIS = YES;
				CLANG_WARN_STRICT_PROTOTYPES = YES;
				CLANG_WARN_SUSPICIOUS_MOVE = YES;
				CLANG_WARN_UNGUARDED_AVAILABILITY = YES_AGGRESSIVE;
				CLANG_WARN_UNREACHABLE_CODE = YES;
				CLANG_WARN__DUPLICATE_METHOD_MATCH = YES;
				CODE_SIGN_IDENTITY = "iPhone Developer";
				COPY_PHASE_STRIP = NO;
				DEBUG_INFORMATION_FORMAT = "dwarf-with-dsym";
				ENABLE_NS_ASSERTIONS = NO;
				ENABLE_STRICT_OBJC_MSGSEND = YES;
				GCC_C_LANGUAGE_STANDARD = gnu11;
				GCC_NO_COMMON_BLOCKS = YES;
				GCC_WARN_64_TO_32_BIT_CONVERSION = YES;
				GCC_WARN_ABOUT_RETURN_TYPE = YES_ERROR;
				GCC_WARN_UNDECLARED_SELECTOR = YES;
				GCC_WARN_UNINITIALIZED_AUTOS = YES_AGGRESSIVE;
				GCC_WARN_UNUSED_FUNCTION = YES;
				GCC_WARN_UNUSED_VARIABLE = YES;
				IPHONEOS_DEPLOYMENT_TARGET = 12.4;
				MTL_ENABLE_DEBUG_INFO = NO;
				MTL_FAST_MATH = YES;
				SDKROOT = iphoneos;
				VALIDATE_PRODUCT = YES;
			};
			name = Release;
		};
		09FD1C6822FAC77C00EAD4B7 /* Debug */ = {
			isa = XCBuildConfiguration;
			buildSettings = {
				ASSETCATALOG_COMPILER_APPICON_NAME = AppIcon;
				CODE_SIGN_STYLE = Automatic;
				INFOPLIST_FILE = TestCoobjc/Info.plist;
				LD_RUNPATH_SEARCH_PATHS = (
					"$(inherited)",
					"@executable_path/Frameworks",
				);
				PRODUCT_BUNDLE_IDENTIFIER = WSD.TestCoobjc;
				PRODUCT_NAME = "$(TARGET_NAME)";
				TARGETED_DEVICE_FAMILY = "1,2";
			};
			name = Debug;
		};
		09FD1C6922FAC77C00EAD4B7 /* Release */ = {
			isa = XCBuildConfiguration;
			buildSettings = {
				ASSETCATALOG_COMPILER_APPICON_NAME = AppIcon;
				CODE_SIGN_STYLE = Automatic;
				INFOPLIST_FILE = TestCoobjc/Info.plist;
				LD_RUNPATH_SEARCH_PATHS = (
					"$(inherited)",
					"@executable_path/Frameworks",
				);
				PRODUCT_BUNDLE_IDENTIFIER = WSD.TestCoobjc;
				PRODUCT_NAME = "$(TARGET_NAME)";
				TARGETED_DEVICE_FAMILY = "1,2";
			};
			name = Release;
		};
		09FD1C6B22FAC77C00EAD4B7 /* Debug */ = {
			isa = XCBuildConfiguration;
			buildSettings = {
				BUNDLE_LOADER = "$(TEST_HOST)";
				CODE_SIGN_STYLE = Automatic;
				INFOPLIST_FILE = TestCoobjcTests/Info.plist;
				LD_RUNPATH_SEARCH_PATHS = (
					"$(inherited)",
					"@executable_path/Frameworks",
					"@loader_path/Frameworks",
				);
				PRODUCT_BUNDLE_IDENTIFIER = WSD.TestCoobjcTests;
				PRODUCT_NAME = "$(TARGET_NAME)";
				TARGETED_DEVICE_FAMILY = "1,2";
				TEST_HOST = "$(BUILT_PRODUCTS_DIR)/TestCoobjc.app/TestCoobjc";
			};
			name = Debug;
		};
		09FD1C6C22FAC77C00EAD4B7 /* Release */ = {
			isa = XCBuildConfiguration;
			buildSettings = {
				BUNDLE_LOADER = "$(TEST_HOST)";
				CODE_SIGN_STYLE = Automatic;
				INFOPLIST_FILE = TestCoobjcTests/Info.plist;
				LD_RUNPATH_SEARCH_PATHS = (
					"$(inherited)",
					"@executable_path/Frameworks",
					"@loader_path/Frameworks",
				);
				PRODUCT_BUNDLE_IDENTIFIER = WSD.TestCoobjcTests;
				PRODUCT_NAME = "$(TARGET_NAME)";
				TARGETED_DEVICE_FAMILY = "1,2";
				TEST_HOST = "$(BUILT_PRODUCTS_DIR)/TestCoobjc.app/TestCoobjc";
			};
			name = Release;
		};
		09FD1C6E22FAC77C00EAD4B7 /* Debug */ = {
			isa = XCBuildConfiguration;
			buildSettings = {
				CODE_SIGN_STYLE = Automatic;
				INFOPLIST_FILE = TestCoobjcUITests/Info.plist;
				LD_RUNPATH_SEARCH_PATHS = (
					"$(inherited)",
					"@executable_path/Frameworks",
					"@loader_path/Frameworks",
				);
				PRODUCT_BUNDLE_IDENTIFIER = WSD.TestCoobjcUITests;
				PRODUCT_NAME = "$(TARGET_NAME)";
				TARGETED_DEVICE_FAMILY = "1,2";
				TEST_TARGET_NAME = TestCoobjc;
			};
			name = Debug;
		};
		09FD1C6F22FAC77C00EAD4B7 /* Release */ = {
			isa = XCBuildConfiguration;
			buildSettings = {
				CODE_SIGN_STYLE = Automatic;
				INFOPLIST_FILE = TestCoobjcUITests/Info.plist;
				LD_RUNPATH_SEARCH_PATHS = (
					"$(inherited)",
					"@executable_path/Frameworks",
					"@loader_path/Frameworks",
				);
				PRODUCT_BUNDLE_IDENTIFIER = WSD.TestCoobjcUITests;
				PRODUCT_NAME = "$(TARGET_NAME)";
				TARGETED_DEVICE_FAMILY = "1,2";
				TEST_TARGET_NAME = TestCoobjc;
			};
			name = Release;
		};
/* End XCBuildConfiguration section */

/* Begin XCConfigurationList section */
		09FD1C3622FAC77B00EAD4B7 /* Build configuration list for PBXProject "TestCoobjc" */ = {
			isa = XCConfigurationList;
			buildConfigurations = (
				09FD1C6522FAC77C00EAD4B7 /* Debug */,
				09FD1C6622FAC77C00EAD4B7 /* Release */,
			);
			defaultConfigurationIsVisible = 0;
			defaultConfigurationName = Release;
		};
		09FD1C6722FAC77C00EAD4B7 /* Build configuration list for PBXNativeTarget "TestCoobjc" */ = {
			isa = XCConfigurationList;
			buildConfigurations = (
				09FD1C6822FAC77C00EAD4B7 /* Debug */,
				09FD1C6922FAC77C00EAD4B7 /* Release */,
			);
			defaultConfigurationIsVisible = 0;
			defaultConfigurationName = Release;
		};
		09FD1C6A22FAC77C00EAD4B7 /* Build configuration list for PBXNativeTarget "TestCoobjcTests" */ = {
			isa = XCConfigurationList;
			buildConfigurations = (
				09FD1C6B22FAC77C00EAD4B7 /* Debug */,
				09FD1C6C22FAC77C00EAD4B7 /* Release */,
			);
			defaultConfigurationIsVisible = 0;
			defaultConfigurationName = Release;
		};
		09FD1C6D22FAC77C00EAD4B7 /* Build configuration list for PBXNativeTarget "TestCoobjcUITests" */ = {
			isa = XCConfigurationList;
			buildConfigurations = (
				09FD1C6E22FAC77C00EAD4B7 /* Debug */,
				09FD1C6F22FAC77C00EAD4B7 /* Release */,
			);
			defaultConfigurationIsVisible = 0;
			defaultConfigurationName = Release;
		};
/* End XCConfigurationList section */
	};
	rootObject = 09FD1C3322FAC77B00EAD4B7 /* Project object */;
}
